// !$*UTF8*$!
{
	archiveVersion = 1;
	classes = {
	};
	objectVersion = 50;
	objects = {

/* Begin PBXBuildFile section */
		61314B7E22B0E1B900BA8400 /* main.cpp in Sources */ = {isa = PBXBuildFile; fileRef = 61314B7D22B0E1B900BA8400 /* main.cpp */; };
		61314B8A22B158EA00BA8400 /* libsfml-audio.2.5.1.dylib in Frameworks */ = {isa = PBXBuildFile; fileRef = 61314B8522B158EA00BA8400 /* libsfml-audio.2.5.1.dylib */; };
		61314B8B22B158EA00BA8400 /* libsfml-network.2.5.1.dylib in Frameworks */ = {isa = PBXBuildFile; fileRef = 61314B8622B158EA00BA8400 /* libsfml-network.2.5.1.dylib */; };
		61314B8C22B158EA00BA8400 /* libsfml-system.2.5.1.dylib in Frameworks */ = {isa = PBXBuildFile; fileRef = 61314B8722B158EA00BA8400 /* libsfml-system.2.5.1.dylib */; };
		61314B8D22B158EA00BA8400 /* libsfml-window.2.5.1.dylib in Frameworks */ = {isa = PBXBuildFile; fileRef = 61314B8822B158EA00BA8400 /* libsfml-window.2.5.1.dylib */; };
		61314B8E22B158EA00BA8400 /* libsfml-graphics.2.5.1.dylib in Frameworks */ = {isa = PBXBuildFile; fileRef = 61314B8922B158EA00BA8400 /* libsfml-graphics.2.5.1.dylib */; };
		61314B9122B186E500BA8400 /* input.txt in CopyFiles */ = {isa = PBXBuildFile; fileRef = 61314B9022B186E400BA8400 /* input.txt */; };
/* End PBXBuildFile section */

/* Begin PBXCopyFilesBuildPhase section */
		61314B7822B0E1B900BA8400 /* CopyFiles */ = {
			isa = PBXCopyFilesBuildPhase;
			buildActionMask = 2147483647;
			dstPath = /usr/share/man/man1/;
			dstSubfolderSpec = 0;
			files = (
				61314B9122B186E500BA8400 /* input.txt in CopyFiles */,
			);
			runOnlyForDeploymentPostprocessing = 1;
		};
/* End PBXCopyFilesBuildPhase section */

/* Begin PBXFileReference section */
		61314B7A22B0E1B900BA8400 /* sfml */ = {isa = PBXFileReference; explicitFileType = "compiled.mach-o.executable"; includeInIndex = 0; path = sfml; sourceTree = BUILT_PRODUCTS_DIR; };
		61314B7D22B0E1B900BA8400 /* main.cpp */ = {isa = PBXFileReference; lastKnownFileType = sourcecode.cpp.cpp; path = main.cpp; sourceTree = "<group>"; };
		61314B8522B158EA00BA8400 /* libsfml-audio.2.5.1.dylib */ = {isa = PBXFileReference; lastKnownFileType = "compiled.mach-o.dylib"; name = "libsfml-audio.2.5.1.dylib"; path = "ExternalLibraries/SFML-GRAPHS/lib/libsfml-audio.2.5.1.dylib"; sourceTree = "<group>"; };
		61314B8622B158EA00BA8400 /* libsfml-network.2.5.1.dylib */ = {isa = PBXFileReference; lastKnownFileType = "compiled.mach-o.dylib"; name = "libsfml-network.2.5.1.dylib"; path = "ExternalLibraries/SFML-GRAPHS/lib/libsfml-network.2.5.1.dylib"; sourceTree = "<group>"; };
		61314B8722B158EA00BA8400 /* libsfml-system.2.5.1.dylib */ = {isa = PBXFileReference; lastKnownFileType = "compiled.mach-o.dylib"; name = "libsfml-system.2.5.1.dylib"; path = "ExternalLibraries/SFML-GRAPHS/lib/libsfml-system.2.5.1.dylib"; sourceTree = "<group>"; };
		61314B8822B158EA00BA8400 /* libsfml-window.2.5.1.dylib */ = {isa = PBXFileReference; lastKnownFileType = "compiled.mach-o.dylib"; name = "libsfml-window.2.5.1.dylib"; path = "ExternalLibraries/SFML-GRAPHS/lib/libsfml-window.2.5.1.dylib"; sourceTree = "<group>"; };
		61314B8922B158EA00BA8400 /* libsfml-graphics.2.5.1.dylib */ = {isa = PBXFileReference; lastKnownFileType = "compiled.mach-o.dylib"; name = "libsfml-graphics.2.5.1.dylib"; path = "ExternalLibraries/SFML-GRAPHS/lib/libsfml-graphics.2.5.1.dylib"; sourceTree = "<group>"; };
		61314B9022B186E400BA8400 /* input.txt */ = {isa = PBXFileReference; lastKnownFileType = text; name = input.txt; path = ../../input.txt; sourceTree = "<group>"; };
		61314B9222B197B300BA8400 /* Header.h */ = {isa = PBXFileReference; lastKnownFileType = sourcecode.c.h; path = Header.h; sourceTree = "<group>"; };
/* End PBXFileReference section */

/* Begin PBXFrameworksBuildPhase section */
		61314B7722B0E1B900BA8400 /* Frameworks */ = {
			isa = PBXFrameworksBuildPhase;
			buildActionMask = 2147483647;
			files = (
				61314B8A22B158EA00BA8400 /* libsfml-audio.2.5.1.dylib in Frameworks */,
				61314B8B22B158EA00BA8400 /* libsfml-network.2.5.1.dylib in Frameworks */,
				61314B8C22B158EA00BA8400 /* libsfml-system.2.5.1.dylib in Frameworks */,
				61314B8D22B158EA00BA8400 /* libsfml-window.2.5.1.dylib in Frameworks */,
				61314B8E22B158EA00BA8400 /* libsfml-graphics.2.5.1.dylib in Frameworks */,
			);
			runOnlyForDeploymentPostprocessing = 0;
		};
/* End PBXFrameworksBuildPhase section */

/* Begin PBXGroup section */
		61314B7122B0E1B900BA8400 = {
			isa = PBXGroup;
			children = (
				61314B7C22B0E1B900BA8400 /* sfml */,
				61314B7B22B0E1B900BA8400 /* Products */,
				61314B8422B158EA00BA8400 /* Frameworks */,
			);
			sourceTree = "<group>";
		};
		61314B7B22B0E1B900BA8400 /* Products */ = {
			isa = PBXGroup;
			children = (
				61314B7A22B0E1B900BA8400 /* sfml */,
			);
			name = Products;
			sourceTree = "<group>";
		};
		61314B7C22B0E1B900BA8400 /* sfml */ = {
			isa = PBXGroup;
			children = (
				61314B7D22B0E1B900BA8400 /* main.cpp */,
				61314B9222B197B300BA8400 /* Header.h */,
				61314B9022B186E400BA8400 /* input.txt */,
			);
			path = sfml;
			sourceTree = "<group>";
		};
		61314B8422B158EA00BA8400 /* Frameworks */ = {
			isa = PBXGroup;
			children = (
				61314B8522B158EA00BA8400 /* libsfml-audio.2.5.1.dylib */,
				61314B8922B158EA00BA8400 /* libsfml-graphics.2.5.1.dylib */,
				61314B8622B158EA00BA8400 /* libsfml-network.2.5.1.dylib */,
				61314B8722B158EA00BA8400 /* libsfml-system.2.5.1.dylib */,
				61314B8822B158EA00BA8400 /* libsfml-window.2.5.1.dylib */,
			);
			name = Frameworks;
			sourceTree = "<group>";
		};
/* End PBXGroup section */

/* Begin PBXNativeTarget section */
		61314B7922B0E1B900BA8400 /* sfml */ = {
			isa = PBXNativeTarget;
			buildConfigurationList = 61314B8122B0E1B900BA8400 /* Build configuration list for PBXNativeTarget "sfml" */;
			buildPhases = (
				61314B7622B0E1B900BA8400 /* Sources */,
				61314B7722B0E1B900BA8400 /* Frameworks */,
				61314B7822B0E1B900BA8400 /* CopyFiles */,
			);
			buildRules = (
			);
			dependencies = (
			);
			name = sfml;
			productName = sfml;
			productReference = 61314B7A22B0E1B900BA8400 /* sfml */;
			productType = "com.apple.product-type.tool";
		};
/* End PBXNativeTarget section */

/* Begin PBXProject section */
		61314B7222B0E1B900BA8400 /* Project object */ = {
			isa = PBXProject;
			attributes = {
				LastUpgradeCheck = 1020;
				ORGANIZATIONNAME = "Antonio Toche";
				TargetAttributes = {
					61314B7922B0E1B900BA8400 = {
						CreatedOnToolsVersion = 10.2.1;
					};
				};
			};
			buildConfigurationList = 61314B7522B0E1B900BA8400 /* Build configuration list for PBXProject "sfml" */;
			compatibilityVersion = "Xcode 9.3";
			developmentRegion = en;
			hasScannedForEncodings = 0;
			knownRegions = (
				en,
			);
			mainGroup = 61314B7122B0E1B900BA8400;
			productRefGroup = 61314B7B22B0E1B900BA8400 /* Products */;
			projectDirPath = "";
			projectRoot = "";
			targets = (
				61314B7922B0E1B900BA8400 /* sfml */,
			);
		};
/* End PBXProject section */

/* Begin PBXSourcesBuildPhase section */
		61314B7622B0E1B900BA8400 /* Sources */ = {
			isa = PBXSourcesBuildPhase;
			buildActionMask = 2147483647;
			files = (
				61314B7E22B0E1B900BA8400 /* main.cpp in Sources */,
			);
			runOnlyForDeploymentPostprocessing = 0;
		};
/* End PBXSourcesBuildPhase section */

/* Begin XCBuildConfiguration section */
		61314B7F22B0E1B900BA8400 /* Debug */ = {
			isa = XCBuildConfiguration;
			buildSettings = {
				ALWAYS_SEARCH_USER_PATHS = NO;
				CLANG_ANALYZER_NONNULL = YES;
				CLANG_ANALYZER_NUMBER_OBJECT_CONVERSION = YES_AGGRESSIVE;
				CLANG_CXX_LANGUAGE_STANDARD = "gnu++14";
				CLANG_CXX_LIBRARY = "libc++";
				CLANG_ENABLE_MODULES = YES;
				CLANG_ENABLE_OBJC_ARC = YES;
				CLANG_ENABLE_OBJC_WEAK = YES;
				CLANG_WARN_BLOCK_CAPTURE_AUTORELEASING = YES;
				CLANG_WARN_BOOL_CONVERSION = YES;
				CLANG_WARN_COMMA = YES;
				CLANG_WARN_CONSTANT_CONVERSION = YES;
				CLANG_WARN_DEPRECATED_OBJC_IMPLEMENTATIONS = YES;
				CLANG_WARN_DIRECT_OBJC_ISA_USAGE = YES_ERROR;
				CLANG_WARN_DOCUMENTATION_COMMENTS = YES;
				CLANG_WARN_EMPTY_BODY = YES;
				CLANG_WARN_ENUM_CONVERSION = YES;
				CLANG_WARN_INFINITE_RECURSION = YES;
				CLANG_WARN_INT_CONVERSION = YES;
				CLANG_WARN_NON_LITERAL_NULL_CONVERSION = YES;
				CLANG_WARN_OBJC_IMPLICIT_RETAIN_SELF = YES;
				CLANG_WARN_OBJC_LITERAL_CONVERSION = YES;
				CLANG_WARN_OBJC_ROOT_CLASS = YES_ERROR;
				CLANG_WARN_RANGE_LOOP_ANALYSIS = YES;
				CLANG_WARN_STRICT_PROTOTYPES = YES;
				CLANG_WARN_SUSPICIOUS_MOVE = YES;
				CLANG_WARN_UNGUARDED_AVAILABILITY = YES_AGGRESSIVE;
				CLANG_WARN_UNREACHABLE_CODE = YES;
				CLANG_WARN__DUPLICATE_METHOD_MATCH = YES;
				CODE_SIGN_IDENTITY = "-";
				COPY_PHASE_STRIP = NO;
				DEBUG_INFORMATION_FORMAT = dwarf;
				ENABLE_STRICT_OBJC_MSGSEND = YES;
				ENABLE_TESTABILITY = YES;
				GCC_C_LANGUAGE_STANDARD = gnu11;
				GCC_DYNAMIC_NO_PIC = NO;
				GCC_NO_COMMON_BLOCKS = YES;
				GCC_OPTIMIZATION_LEVEL = 0;
				GCC_PREPROCESSOR_DEFINITIONS = (
					"DEBUG=1",
					"$(inherited)",
				);
				GCC_WARN_64_TO_32_BIT_CONVERSION = YES;
				GCC_WARN_ABOUT_RETURN_TYPE = YES_ERROR;
				GCC_WARN_UNDECLARED_SELECTOR = YES;
				GCC_WARN_UNINITIALIZED_AUTOS = YES_AGGRESSIVE;
				GCC_WARN_UNUSED_FUNCTION = YES;
				GCC_WARN_UNUSED_VARIABLE = YES;
				MACOSX_DEPLOYMENT_TARGET = 10.14;
				MTL_ENABLE_DEBUG_INFO = INCLUDE_SOURCE;
				MTL_FAST_MATH = YES;
				ONLY_ACTIVE_ARCH = YES;
				SDKROOT = macosx;
			};
			name = Debug;
		};
		61314B8022B0E1B900BA8400 /* Release */ = {
			isa = XCBuildConfiguration;
			buildSettings = {
				ALWAYS_SEARCH_USER_PATHS = NO;
				CLANG_ANALYZER_NONNULL = YES;
				CLANG_ANALYZER_NUMBER_OBJECT_CONVERSION = YES_AGGRESSIVE;
				CLANG_CXX_LANGUAGE_STANDARD = "gnu++14";
				CLANG_CXX_LIBRARY = "libc++";
				CLANG_ENABLE_MODULES = YES;
				CLANG_ENABLE_OBJC_ARC = YES;
				CLANG_ENABLE_OBJC_WEAK = YES;
				CLANG_WARN_BLOCK_CAPTURE_AUTORELEASING = YES;
				CLANG_WARN_BOOL_CONVERSION = YES;
				CLANG_WARN_COMMA = YES;
				CLANG_WARN_CONSTANT_CONVERSION = YES;
				CLANG_WARN_DEPRECATED_OBJC_IMPLEMENTATIONS = YES;
				CLANG_WARN_DIRECT_OBJC_ISA_USAGE = YES_ERROR;
				CLANG_WARN_DOCUMENTATION_COMMENTS = YES;
				CLANG_WARN_EMPTY_BODY = YES;
				CLANG_WARN_ENUM_CONVERSION = YES;
				CLANG_WARN_INFINITE_RECURSION = YES;
				CLANG_WARN_INT_CONVERSION = YES;
				CLANG_WARN_NON_LITERAL_NULL_CONVERSION = YES;
				CLANG_WARN_OBJC_IMPLICIT_RETAIN_SELF = YES;
				CLANG_WARN_OBJC_LITERAL_CONVERSION = YES;
				CLANG_WARN_OBJC_ROOT_CLASS = YES_ERROR;
				CLANG_WARN_RANGE_LOOP_ANALYSIS = YES;
				CLANG_WARN_STRICT_PROTOTYPES = YES;
				CLANG_WARN_SUSPICIOUS_MOVE = YES;
				CLANG_WARN_UNGUARDED_AVAILABILITY = YES_AGGRESSIVE;
				CLANG_WARN_UNREACHABLE_CODE = YES;
				CLANG_WARN__DUPLICATE_METHOD_MATCH = YES;
				CODE_SIGN_IDENTITY = "-";
				COPY_PHASE_STRIP = NO;
				DEBUG_INFORMATION_FORMAT = "dwarf-with-dsym";
				ENABLE_NS_ASSERTIONS = NO;
				ENABLE_STRICT_OBJC_MSGSEND = YES;
				GCC_C_LANGUAGE_STANDARD = gnu11;
				GCC_NO_COMMON_BLOCKS = YES;
				GCC_WARN_64_TO_32_BIT_CONVERSION = YES;
				GCC_WARN_ABOUT_RETURN_TYPE = YES_ERROR;
				GCC_WARN_UNDECLARED_SELECTOR = YES;
				GCC_WARN_UNINITIALIZED_AUTOS = YES_AGGRESSIVE;
				GCC_WARN_UNUSED_FUNCTION = YES;
				GCC_WARN_UNUSED_VARIABLE = YES;
				MACOSX_DEPLOYMENT_TARGET = 10.14;
				MTL_ENABLE_DEBUG_INFO = NO;
				MTL_FAST_MATH = YES;
				SDKROOT = macosx;
			};
			name = Release;
		};
		61314B8222B0E1B900BA8400 /* Debug */ = {
			isa = XCBuildConfiguration;
			buildSettings = {
				CODE_SIGN_STYLE = Automatic;
				HEADER_SEARCH_PATHS = "${SRCROOT}/ExternalLibraries/SFML-GRAPHS/include";
				LIBRARY_SEARCH_PATHS = (
					"$(inherited)",
					"$(PROJECT_DIR)/ExternalLibraries/SFML-GRAPHS/lib",
				);
				PRODUCT_NAME = "$(TARGET_NAME)";
			};
			name = Debug;
		};
		61314B8322B0E1B900BA8400 /* Release */ = {
			isa = XCBuildConfiguration;
			buildSettings = {
				CODE_SIGN_STYLE = Automatic;
				HEADER_SEARCH_PATHS = "${SRCROOT}/ExternalLibraries/SFML-GRAPHS/include";
				LIBRARY_SEARCH_PATHS = (
					"$(inherited)",
					"$(PROJECT_DIR)/ExternalLibraries/SFML-GRAPHS/lib",
				);
				PRODUCT_NAME = "$(TARGET_NAME)";
			};
			name = Release;
		};
/* End XCBuildConfiguration section */

/* Begin XCConfigurationList section */
		61314B7522B0E1B900BA8400 /* Build configuration list for PBXProject "sfml" */ = {
			isa = XCConfigurationList;
			buildConfigurations = (
				61314B7F22B0E1B900BA8400 /* Debug */,
				61314B8022B0E1B900BA8400 /* Release */,
			);
			defaultConfigurationIsVisible = 0;
			defaultConfigurationName = Release;
		};
		61314B8122B0E1B900BA8400 /* Build configuration list for PBXNativeTarget "sfml" */ = {
			isa = XCConfigurationList;
			buildConfigurations = (
				61314B8222B0E1B900BA8400 /* Debug */,
				61314B8322B0E1B900BA8400 /* Release */,
			);
			defaultConfigurationIsVisible = 0;
			defaultConfigurationName = Release;
		};
/* End XCConfigurationList section */
	};
	rootObject = 61314B7222B0E1B900BA8400 /* Project object */;
}
